// !$*UTF8*$!
{
	archiveVersion = 1;
	classes = {
	};
	objectVersion = 56;
	objects = {

/* Begin PBXBuildFile section */
		AA000001000000000000001A /* APIModels.swift in Sources */ = {isa = PBXBuildFile; fileRef = BB000001000000000000001A /* APIModels.swift */; };
		AA000002000000000000001A /* APIService.swift in Sources */ = {isa = PBXBuildFile; fileRef = BB000002000000000000001A /* APIService.swift */; };
		AA000003000000000000001A /* APIService+Usage.swift in Sources */ = {isa = PBXBuildFile; fileRef = BB000003000000000000001A /* APIService+Usage.swift */; };
		AA000004000000000000001A /* APIUsageModels.swift in Sources */ = {isa = PBXBuildFile; fileRef = BB000004000000000000001A /* APIUsageModels.swift */; };
		AA000005000000000000001A /* ChatModels.swift in Sources */ = {isa = PBXBuildFile; fileRef = BB000005000000000000001A /* ChatModels.swift */; };
		AA000006000000000000001A /* MemoryModels.swift in Sources */ = {isa = PBXBuildFile; fileRef = BB000006000000000000001A /* MemoryModels.swift */; };
		AA000007000000000000001A /* StatusModels.swift in Sources */ = {isa = PBXBuildFile; fileRef = BB000007000000000000001A /* StatusModels.swift */; };
		AA000008000000000000001A /* ContentView.swift in Sources */ = {isa = PBXBuildFile; fileRef = BB000008000000000000001A /* ContentView.swift */; };
		AA000009000000000000001A /* Formatters.swift in Sources */ = {isa = PBXBuildFile; fileRef = BB000009000000000000001A /* Formatters.swift */; };
		AA00000A000000000000001A /* LobsMobileApp.swift in Sources */ = {isa = PBXBuildFile; fileRef = BB00000A000000000000001A /* LobsMobileApp.swift */; };
		AA00000B000000000000001A /* EventSourceClient.swift in Sources */ = {isa = PBXBuildFile; fileRef = BB00000B000000000000001A /* EventSourceClient.swift */; };
		AA00000C000000000000001A /* ChatService.swift in Sources */ = {isa = PBXBuildFile; fileRef = BB00000C000000000000001A /* ChatService.swift */; };
		AA00000D000000000000001A /* CloudflareAuthService.swift in Sources */ = {isa = PBXBuildFile; fileRef = BB00000D000000000000001A /* CloudflareAuthService.swift */; };
		AA00000E000000000000001A /* CalendarViewModel.swift in Sources */ = {isa = PBXBuildFile; fileRef = BB00000E000000000000001A /* CalendarViewModel.swift */; };
		AA00000F000000000000001A /* ChatViewModel.swift in Sources */ = {isa = PBXBuildFile; fileRef = BB00000F000000000000001A /* ChatViewModel.swift */; };
		AA000010000000000000001A /* DashboardViewModel.swift in Sources */ = {isa = PBXBuildFile; fileRef = BB000010000000000000001A /* DashboardViewModel.swift */; };
		AA000011000000000000001A /* InboxViewModel.swift in Sources */ = {isa = PBXBuildFile; fileRef = BB000011000000000000001A /* InboxViewModel.swift */; };
		AA000012000000000000001A /* MemoryViewModel.swift in Sources */ = {isa = PBXBuildFile; fileRef = BB000012000000000000001A /* MemoryViewModel.swift */; };
		AA000013000000000000001A /* ProjectsViewModel.swift in Sources */ = {isa = PBXBuildFile; fileRef = BB000013000000000000001A /* ProjectsViewModel.swift */; };
		AA000014000000000000001A /* TasksViewModel.swift in Sources */ = {isa = PBXBuildFile; fileRef = BB000014000000000000001A /* TasksViewModel.swift */; };
		AA000015000000000000001A /* UsageViewModel.swift in Sources */ = {isa = PBXBuildFile; fileRef = BB000015000000000000001A /* UsageViewModel.swift */; };
		AA000016000000000000001A /* CalendarView.swift in Sources */ = {isa = PBXBuildFile; fileRef = BB000016000000000000001A /* CalendarView.swift */; };
		AA000017000000000000001A /* ChatView.swift in Sources */ = {isa = PBXBuildFile; fileRef = BB000017000000000000001A /* ChatView.swift */; };
		AA000018000000000000001A /* ChatMessageView.swift in Sources */ = {isa = PBXBuildFile; fileRef = BB000018000000000000001A /* ChatMessageView.swift */; };
		AA000019000000000000001A /* MarkdownText.swift in Sources */ = {isa = PBXBuildFile; fileRef = BB000019000000000000001A /* MarkdownText.swift */; };
		AA00001A000000000000001A /* ToolCallCard.swift in Sources */ = {isa = PBXBuildFile; fileRef = BB00001A000000000000001A /* ToolCallCard.swift */; };
		AA00001B000000000000001A /* DashboardView.swift in Sources */ = {isa = PBXBuildFile; fileRef = BB00001B000000000000001A /* DashboardView.swift */; };
		AA00001C000000000000001A /* InboxView.swift in Sources */ = {isa = PBXBuildFile; fileRef = BB00001C000000000000001A /* InboxView.swift */; };
		AA00001D000000000000001A /* MemoryView.swift in Sources */ = {isa = PBXBuildFile; fileRef = BB00001D000000000000001A /* MemoryView.swift */; };
		AA00001E000000000000001A /* MoreView.swift in Sources */ = {isa = PBXBuildFile; fileRef = BB00001E000000000000001A /* MoreView.swift */; };
		AA00001F000000000000001A /* ProjectsView.swift in Sources */ = {isa = PBXBuildFile; fileRef = BB00001F000000000000001A /* ProjectsView.swift */; };
		AA000020000000000000001A /* SettingsView.swift in Sources */ = {isa = PBXBuildFile; fileRef = BB000020000000000000001A /* SettingsView.swift */; };
		AA000021000000000000001A /* TasksView.swift in Sources */ = {isa = PBXBuildFile; fileRef = BB000021000000000000001A /* TasksView.swift */; };
		AA000022000000000000001A /* UsageView.swift in Sources */ = {isa = PBXBuildFile; fileRef = BB000022000000000000001A /* UsageView.swift */; };
		CC000001000000000000001A /* ServicesTests.swift in Sources */ = {isa = PBXBuildFile; fileRef = DD000001000000000000001A /* ServicesTests.swift */; };
		CC000002000000000000001A /* ViewModelTests.swift in Sources */ = {isa = PBXBuildFile; fileRef = DD000002000000000000001A /* ViewModelTests.swift */; };
		CC000003000000000000001A /* ModelTests.swift in Sources */ = {isa = PBXBuildFile; fileRef = DD000003000000000000001A /* ModelTests.swift */; };
		AA000023000000000000001A /* NexusTheme.swift in Sources */ = {isa = PBXBuildFile; fileRef = BB000023000000000000001A /* NexusTheme.swift */; };
/* End PBXBuildFile section */

/* Begin PBXContainerItemProxy section */
		EE000001000000000000001A /* PBXContainerItemProxy */ = {
			isa = PBXContainerItemProxy;
			containerPortal = AA111111000000000000001A /* Project object */;
			proxyType = 1;
			remoteGlobalIDString = AA222222000000000000001A;
			remoteInfo = LobsMobile;
		};
/* End PBXContainerItemProxy section */

/* Begin PBXFileReference section */
		BB000001000000000000001A /* APIModels.swift */ = {isa = PBXFileReference; lastKnownFileType = sourcecode.swift; path = APIModels.swift; sourceTree = "<group>"; };
		BB000002000000000000001A /* APIService.swift */ = {isa = PBXFileReference; lastKnownFileType = sourcecode.swift; path = APIService.swift; sourceTree = "<group>"; };
		BB000003000000000000001A /* APIService+Usage.swift */ = {isa = PBXFileReference; lastKnownFileType = sourcecode.swift; path = "APIService+Usage.swift"; sourceTree = "<group>"; };
		BB000004000000000000001A /* APIUsageModels.swift */ = {isa = PBXFileReference; lastKnownFileType = sourcecode.swift; path = APIUsageModels.swift; sourceTree = "<group>"; };
		BB000005000000000000001A /* ChatModels.swift */ = {isa = PBXFileReference; lastKnownFileType = sourcecode.swift; path = ChatModels.swift; sourceTree = "<group>"; };
		BB000006000000000000001A /* MemoryModels.swift */ = {isa = PBXFileReference; lastKnownFileType = sourcecode.swift; path = MemoryModels.swift; sourceTree = "<group>"; };
		BB000007000000000000001A /* StatusModels.swift */ = {isa = PBXFileReference; lastKnownFileType = sourcecode.swift; path = StatusModels.swift; sourceTree = "<group>"; };
		BB000008000000000000001A /* ContentView.swift */ = {isa = PBXFileReference; lastKnownFileType = sourcecode.swift; path = ContentView.swift; sourceTree = "<group>"; };
		BB000009000000000000001A /* Formatters.swift */ = {isa = PBXFileReference; lastKnownFileType = sourcecode.swift; path = Formatters.swift; sourceTree = "<group>"; };
		BB00000A000000000000001A /* LobsMobileApp.swift */ = {isa = PBXFileReference; lastKnownFileType = sourcecode.swift; path = LobsMobileApp.swift; sourceTree = "<group>"; };
		BB00000B000000000000001A /* EventSourceClient.swift */ = {isa = PBXFileReference; lastKnownFileType = sourcecode.swift; path = EventSourceClient.swift; sourceTree = "<group>"; };
		BB00000C000000000000001A /* ChatService.swift */ = {isa = PBXFileReference; lastKnownFileType = sourcecode.swift; path = ChatService.swift; sourceTree = "<group>"; };
		BB00000D000000000000001A /* CloudflareAuthService.swift */ = {isa = PBXFileReference; lastKnownFileType = sourcecode.swift; path = CloudflareAuthService.swift; sourceTree = "<group>"; };
		BB00000E000000000000001A /* CalendarViewModel.swift */ = {isa = PBXFileReference; lastKnownFileType = sourcecode.swift; path = CalendarViewModel.swift; sourceTree = "<group>"; };
		BB00000F000000000000001A /* ChatViewModel.swift */ = {isa = PBXFileReference; lastKnownFileType = sourcecode.swift; path = ChatViewModel.swift; sourceTree = "<group>"; };
		BB000010000000000000001A /* DashboardViewModel.swift */ = {isa = PBXFileReference; lastKnownFileType = sourcecode.swift; path = DashboardViewModel.swift; sourceTree = "<group>"; };
		BB000011000000000000001A /* InboxViewModel.swift */ = {isa = PBXFileReference; lastKnownFileType = sourcecode.swift; path = InboxViewModel.swift; sourceTree = "<group>"; };
		BB000012000000000000001A /* MemoryViewModel.swift */ = {isa = PBXFileReference; lastKnownFileType = sourcecode.swift; path = MemoryViewModel.swift; sourceTree = "<group>"; };
		BB000013000000000000001A /* ProjectsViewModel.swift */ = {isa = PBXFileReference; lastKnownFileType = sourcecode.swift; path = ProjectsViewModel.swift; sourceTree = "<group>"; };
		BB000014000000000000001A /* TasksViewModel.swift */ = {isa = PBXFileReference; lastKnownFileType = sourcecode.swift; path = TasksViewModel.swift; sourceTree = "<group>"; };
		BB000015000000000000001A /* UsageViewModel.swift */ = {isa = PBXFileReference; lastKnownFileType = sourcecode.swift; path = UsageViewModel.swift; sourceTree = "<group>"; };
		BB000016000000000000001A /* CalendarView.swift */ = {isa = PBXFileReference; lastKnownFileType = sourcecode.swift; path = CalendarView.swift; sourceTree = "<group>"; };
		BB000017000000000000001A /* ChatView.swift */ = {isa = PBXFileReference; lastKnownFileType = sourcecode.swift; path = ChatView.swift; sourceTree = "<group>"; };
		BB000018000000000000001A /* ChatMessageView.swift */ = {isa = PBXFileReference; lastKnownFileType = sourcecode.swift; path = ChatMessageView.swift; sourceTree = "<group>"; };
		BB000019000000000000001A /* MarkdownText.swift */ = {isa = PBXFileReference; lastKnownFileType = sourcecode.swift; path = MarkdownText.swift; sourceTree = "<group>"; };
		BB00001A000000000000001A /* ToolCallCard.swift */ = {isa = PBXFileReference; lastKnownFileType = sourcecode.swift; path = ToolCallCard.swift; sourceTree = "<group>"; };
		BB00001B000000000000001A /* DashboardView.swift */ = {isa = PBXFileReference; lastKnownFileType = sourcecode.swift; path = DashboardView.swift; sourceTree = "<group>"; };
		BB00001C000000000000001A /* InboxView.swift */ = {isa = PBXFileReference; lastKnownFileType = sourcecode.swift; path = InboxView.swift; sourceTree = "<group>"; };
		BB00001D000000000000001A /* MemoryView.swift */ = {isa = PBXFileReference; lastKnownFileType = sourcecode.swift; path = MemoryView.swift; sourceTree = "<group>"; };
		BB00001E000000000000001A /* MoreView.swift */ = {isa = PBXFileReference; lastKnownFileType = sourcecode.swift; path = MoreView.swift; sourceTree = "<group>"; };
		BB00001F000000000000001A /* ProjectsView.swift */ = {isa = PBXFileReference; lastKnownFileType = sourcecode.swift; path = ProjectsView.swift; sourceTree = "<group>"; };
		BB000020000000000000001A /* SettingsView.swift */ = {isa = PBXFileReference; lastKnownFileType = sourcecode.swift; path = SettingsView.swift; sourceTree = "<group>"; };
		BB000021000000000000001A /* TasksView.swift */ = {isa = PBXFileReference; lastKnownFileType = sourcecode.swift; path = TasksView.swift; sourceTree = "<group>"; };
		BB000022000000000000001A /* UsageView.swift */ = {isa = PBXFileReference; lastKnownFileType = sourcecode.swift; path = UsageView.swift; sourceTree = "<group>"; };
		BB000023000000000000001A /* NexusTheme.swift */ = {isa = PBXFileReference; lastKnownFileType = sourcecode.swift; path = NexusTheme.swift; sourceTree = "<group>"; };
		BB000099000000000000001A /* LobsMobile.app */ = {isa = PBXFileReference; explicitFileType = wrapper.application; includeInIndex = 0; path = LobsMobile.app; sourceTree = BUILT_PRODUCTS_DIR; };
		DD000001000000000000001A /* ServicesTests.swift */ = {isa = PBXFileReference; lastKnownFileType = sourcecode.swift; path = ServicesTests.swift; sourceTree = "<group>"; };
		DD000002000000000000001A /* ViewModelTests.swift */ = {isa = PBXFileReference; lastKnownFileType = sourcecode.swift; path = ViewModelTests.swift; sourceTree = "<group>"; };
		DD000003000000000000001A /* ModelTests.swift */ = {isa = PBXFileReference; lastKnownFileType = sourcecode.swift; path = ModelTests.swift; sourceTree = "<group>"; };
		DD000099000000000000001A /* LobsMobileTests.xctest */ = {isa = PBXFileReference; explicitFileType = wrapper.cfbundle; includeInIndex = 0; path = LobsMobileTests.xctest; sourceTree = BUILT_PRODUCTS_DIR; };
/* End PBXFileReference section */

/* Begin PBXFrameworksBuildPhase section */
		AA444444000000000000001A /* Frameworks */ = {
			isa = PBXFrameworksBuildPhase;
			buildActionMask = 2147483647;
			files = (
			);
			runOnlyForDeploymentPostprocessing = 0;
		};
		AA888888000000000000001A /* Frameworks */ = {
			isa = PBXFrameworksBuildPhase;
			buildActionMask = 2147483647;
			files = (
			);
			runOnlyForDeploymentPostprocessing = 0;
		};
/* End PBXFrameworksBuildPhase section */

/* Begin PBXGroup section */
		AA000000000000000000001A = {
			isa = PBXGroup;
			children = (
				AA000100000000000000001A /* LobsMobile */,
				AA000200000000000000001A /* LobsMobileTests */,
				AA000099000000000000001A /* Products */,
			);
			sourceTree = "<group>";
		};
		AA000099000000000000001A /* Products */ = {
			isa = PBXGroup;
			children = (
				BB000099000000000000001A /* LobsMobile.app */,
				DD000099000000000000001A /* LobsMobileTests.xctest */,
			);
			name = Products;
			sourceTree = "<group>";
		};
		AA000100000000000000001A /* LobsMobile */ = {
			isa = PBXGroup;
			children = (
				BB000008000000000000001A /* ContentView.swift */,
				BB00000A000000000000001A /* LobsMobileApp.swift */,
				AA000101000000000000001A /* API */,
				AA000102000000000000001A /* Helpers */,
				AA000103000000000000001A /* Networking */,
				AA000104000000000000001A /* Services */,
				AA000105000000000000001A /* ViewModels */,
				AA000106000000000000001A /* Views */,
				AA000108000000000000001A /* Theme */,
			);
			path = LobsMobile;
			sourceTree = "<group>";
		};
		AA000101000000000000001A /* API */ = {
			isa = PBXGroup;
			children = (
				BB000001000000000000001A /* APIModels.swift */,
				BB000002000000000000001A /* APIService.swift */,
				BB000003000000000000001A /* APIService+Usage.swift */,
				BB000004000000000000001A /* APIUsageModels.swift */,
				BB000005000000000000001A /* ChatModels.swift */,
				BB000006000000000000001A /* MemoryModels.swift */,
				BB000007000000000000001A /* StatusModels.swift */,
			);
			path = API;
			sourceTree = "<group>";
		};
		AA000102000000000000001A /* Helpers */ = {
			isa = PBXGroup;
			children = (
				BB000009000000000000001A /* Formatters.swift */,
			);
			path = Helpers;
			sourceTree = "<group>";
		};
		AA000103000000000000001A /* Networking */ = {
			isa = PBXGroup;
			children = (
				BB00000B000000000000001A /* EventSourceClient.swift */,
			);
			path = Networking;
			sourceTree = "<group>";
		};
		AA000104000000000000001A /* Services */ = {
			isa = PBXGroup;
			children = (
				BB00000C000000000000001A /* ChatService.swift */,
				BB00000D000000000000001A /* CloudflareAuthService.swift */,
			);
			path = Services;
			sourceTree = "<group>";
		};
		AA000105000000000000001A /* ViewModels */ = {
			isa = PBXGroup;
			children = (
				BB00000E000000000000001A /* CalendarViewModel.swift */,
				BB00000F000000000000001A /* ChatViewModel.swift */,
				BB000010000000000000001A /* DashboardViewModel.swift */,
				BB000011000000000000001A /* InboxViewModel.swift */,
				BB000012000000000000001A /* MemoryViewModel.swift */,
				BB000013000000000000001A /* ProjectsViewModel.swift */,
				BB000014000000000000001A /* TasksViewModel.swift */,
				BB000015000000000000001A /* UsageViewModel.swift */,
			);
			path = ViewModels;
			sourceTree = "<group>";
		};
		AA000106000000000000001A /* Views */ = {
			isa = PBXGroup;
			children = (
				BB000016000000000000001A /* CalendarView.swift */,
				BB000017000000000000001A /* ChatView.swift */,
				AA000107000000000000001A /* Components */,
				BB00001B000000000000001A /* DashboardView.swift */,
				BB00001C000000000000001A /* InboxView.swift */,
				BB00001D000000000000001A /* MemoryView.swift */,
				BB00001E000000000000001A /* MoreView.swift */,
				BB00001F000000000000001A /* ProjectsView.swift */,
				BB000020000000000000001A /* SettingsView.swift */,
				BB000021000000000000001A /* TasksView.swift */,
				BB000022000000000000001A /* UsageView.swift */,
			);
			path = Views;
			sourceTree = "<group>";
		};
		AA000107000000000000001A /* Components */ = {
			isa = PBXGroup;
			children = (
				BB000018000000000000001A /* ChatMessageView.swift */,
				BB000019000000000000001A /* MarkdownText.swift */,
				BB00001A000000000000001A /* ToolCallCard.swift */,
			);
			path = Components;
			sourceTree = "<group>";
		};
		AA000108000000000000001A /* Theme */ = {
			isa = PBXGroup;
			children = (
				BB000023000000000000001A /* NexusTheme.swift */,
			);
			path = Theme;
			sourceTree = "<group>";
		};
		AA000200000000000000001A /* LobsMobileTests */ = {
			isa = PBXGroup;
			children = (
				DD000001000000000000001A /* ServicesTests.swift */,
				DD000002000000000000001A /* ViewModelTests.swift */,
				DD000003000000000000001A /* ModelTests.swift */,
			);
			path = LobsMobileTests;
			sourceTree = "<group>";
		};
/* End PBXGroup section */

/* Begin PBXNativeTarget section */
		AA222222000000000000001A /* LobsMobile */ = {
			isa = PBXNativeTarget;
			buildConfigurationList = FF000001000000000000001A /* Build configuration list for PBXNativeTarget "LobsMobile" */;
			buildPhases = (
				AA333333000000000000001A /* Sources */,
				AA444444000000000000001A /* Frameworks */,
				AA555555000000000000001A /* Resources */,
			);
			buildRules = (
			);
			dependencies = (
			);
			name = LobsMobile;
			productName = LobsMobile;
			productReference = BB000099000000000000001A /* LobsMobile.app */;
			productType = "com.apple.product-type.application";
		};
		AA666666000000000000001A /* LobsMobileTests */ = {
			isa = PBXNativeTarget;
			buildConfigurationList = FF000002000000000000001A /* Build configuration list for PBXNativeTarget "LobsMobileTests" */;
			buildPhases = (
				AA777777000000000000001A /* Sources */,
				AA888888000000000000001A /* Frameworks */,
			);
			buildRules = (
			);
			dependencies = (
				AA999999000000000000001A /* PBXTargetDependency */,
			);
			name = LobsMobileTests;
			productName = LobsMobileTests;
			productReference = DD000099000000000000001A /* LobsMobileTests.xctest */;
			productType = "com.apple.product-type.bundle.unit-test";
		};
/* End PBXNativeTarget section */

/* Begin PBXProject section */
		AA111111000000000000001A /* Project object */ = {
			isa = PBXProject;
			attributes = {
				BuildIndependentTargetsInParallel = YES;
				LastUpgradeCheck = 1600;
				TargetAttributes = {
					AA222222000000000000001A = {
						DevelopmentTeam = "";
					};
					AA666666000000000000001A = {
						DevelopmentTeam = "";
						TestTargetID = AA222222000000000000001A;
					};
				};
			};
			buildConfigurationList = FF000000000000000000001A /* Build configuration list for PBXProject "LobsMobile" */;
			compatibilityVersion = "Xcode 14.0";
			developmentRegion = en;
			hasScannedForEncodings = 0;
			knownRegions = (
				Base,
				en,
			);
			mainGroup = AA000000000000000000001A;
			minimizedProjectReferenceProxies = 1;
			preferredProjectObjectVersion = 56;
			projectDirPath = "";
			projectRoot = "";
			targets = (
				AA222222000000000000001A /* LobsMobile */,
				AA666666000000000000001A /* LobsMobileTests */,
			);
		};
/* End PBXProject section */

/* Begin PBXResourcesBuildPhase section */
		AA555555000000000000001A /* Resources */ = {
			isa = PBXResourcesBuildPhase;
			buildActionMask = 2147483647;
			files = (
			);
			runOnlyForDeploymentPostprocessing = 0;
		};
/* End PBXResourcesBuildPhase section */

/* Begin PBXSourcesBuildPhase section */
		AA333333000000000000001A /* Sources */ = {
			isa = PBXSourcesBuildPhase;
			buildActionMask = 2147483647;
			files = (
				AA000001000000000000001A /* APIModels.swift in Sources */,
				AA000002000000000000001A /* APIService.swift in Sources */,
				AA000003000000000000001A /* APIService+Usage.swift in Sources */,
				AA000004000000000000001A /* APIUsageModels.swift in Sources */,
				AA000005000000000000001A /* ChatModels.swift in Sources */,
				AA000006000000000000001A /* MemoryModels.swift in Sources */,
				AA000007000000000000001A /* StatusModels.swift in Sources */,
				AA000008000000000000001A /* ContentView.swift in Sources */,
				AA000009000000000000001A /* Formatters.swift in Sources */,
				AA00000A000000000000001A /* LobsMobileApp.swift in Sources */,
				AA00000B000000000000001A /* EventSourceClient.swift in Sources */,
				AA00000C000000000000001A /* ChatService.swift in Sources */,
				AA00000D000000000000001A /* CloudflareAuthService.swift in Sources */,
				AA00000E000000000000001A /* CalendarViewModel.swift in Sources */,
				AA00000F000000000000001A /* ChatViewModel.swift in Sources */,
				AA000010000000000000001A /* DashboardViewModel.swift in Sources */,
				AA000011000000000000001A /* InboxViewModel.swift in Sources */,
				AA000012000000000000001A /* MemoryViewModel.swift in Sources */,
				AA000013000000000000001A /* ProjectsViewModel.swift in Sources */,
				AA000014000000000000001A /* TasksViewModel.swift in Sources */,
				AA000015000000000000001A /* UsageViewModel.swift in Sources */,
				AA000016000000000000001A /* CalendarView.swift in Sources */,
				AA000017000000000000001A /* ChatView.swift in Sources */,
				AA000018000000000000001A /* ChatMessageView.swift in Sources */,
				AA000019000000000000001A /* MarkdownText.swift in Sources */,
				AA00001A000000000000001A /* ToolCallCard.swift in Sources */,
				AA00001B000000000000001A /* DashboardView.swift in Sources */,
				AA00001C000000000000001A /* InboxView.swift in Sources */,
				AA00001D000000000000001A /* MemoryView.swift in Sources */,
				AA00001E000000000000001A /* MoreView.swift in Sources */,
				AA00001F000000000000001A /* ProjectsView.swift in Sources */,
				AA000020000000000000001A /* SettingsView.swift in Sources */,
				AA000021000000000000001A /* TasksView.swift in Sources */,
				AA000022000000000000001A /* UsageView.swift in Sources */,
				AA000023000000000000001A /* NexusTheme.swift in Sources */,
			);
			runOnlyForDeploymentPostprocessing = 0;
		};
		AA777777000000000000001A /* Sources */ = {
			isa = PBXSourcesBuildPhase;
			buildActionMask = 2147483647;
			files = (
				CC000001000000000000001A /* ServicesTests.swift in Sources */,
				CC000002000000000000001A /* ViewModelTests.swift in Sources */,
				CC000003000000000000001A /* ModelTests.swift in Sources */,
			);
			runOnlyForDeploymentPostprocessing = 0;
		};
/* End PBXSourcesBuildPhase section */

/* Begin PBXTargetDependency section */
		AA999999000000000000001A /* PBXTargetDependency */ = {
			isa = PBXTargetDependency;
			target = AA222222000000000000001A /* LobsMobile */;
			targetProxy = EE000001000000000000001A /* PBXContainerItemProxy */;
		};
/* End PBXTargetDependency section */

/* Begin XCBuildConfiguration section */
		FF000010000000000000001A /* Debug */ = {
			isa = XCBuildConfiguration;
			buildSettings = {
				ALWAYS_SEARCH_USER_PATHS = NO;
				CLANG_ANALYZER_NONNULL = YES;
				CLANG_ANALYZER_NUMBER_OBJECT_CONVERSION = YES_AGGRESSIVE;
				CLANG_CXX_LANGUAGE_STANDARD = "gnu++14";
				CLANG_CXX_LIBRARY = "libc++";
				CLANG_ENABLE_MODULES = YES;
				CLANG_ENABLE_OBJC_ARC = YES;
				CLANG_ENABLE_OBJC_WEAK = YES;
				CLANG_WARN_BLOCK_CAPTURE_AUTORELEASING = YES;
				CLANG_WARN_BOOL_CONVERSION = YES;
				CLANG_WARN_COMMA = YES;
				CLANG_WARN_CONSTANT_CONVERSION = YES;
				CLANG_WARN_DEPRECATED_OBJC_IMPLEMENTATIONS = YES;
				CLANG_WARN_DIRECT_OBJC_ISA_USAGE = YES_ERROR;
				CLANG_WARN_DOCUMENTATION_COMMENTS = YES;
				CLANG_WARN_EMPTY_BODY = YES;
				CLANG_WARN_ENUM_CONVERSION = YES;
				CLANG_WARN_INFINITE_RECURSION = YES;
				CLANG_WARN_INT_CONVERSION = YES;
				CLANG_WARN_NON_LITERAL_NULL_CONVERSION = YES;
				CLANG_WARN_OBJC_IMPLICIT_RETAIN_SELF = YES;
				CLANG_WARN_OBJC_LITERAL_CONVERSION = YES;
				CLANG_WARN_OBJC_ROOT_CLASS = YES_ERROR;
				CLANG_WARN_QUOTED_INCLUDE_IN_FRAMEWORK_HEADER = YES;
				CLANG_WARN_RANGE_LOOP_ANALYSIS = YES;
				CLANG_WARN_STRICT_PROTOTYPES = YES;
				CLANG_WARN_SUSPICIOUS_MOVE = YES;
				CLANG_WARN_UNGUARDED_AVAILABILITY = YES_AGGRESSIVE;
				CLANG_WARN_UNREACHABLE_CODE = YES;
				CLANG_WARN__DUPLICATE_METHOD_MATCH = YES;
				COPY_PHASE_STRIP = NO;
				DEBUG_INFORMATION_FORMAT = dwarf;
				DEVELOPMENT_TEAM = "";
				ENABLE_STRICT_OBJC_MSGSEND = YES;
				ENABLE_TESTABILITY = YES;
				GCC_C_LANGUAGE_STANDARD = gnu11;
				GCC_DYNAMIC_NO_PIC = NO;
				GCC_NO_COMMON_BLOCKS = YES;
				GCC_OPTIMIZATION_LEVEL = 0;
				GCC_PREPROCESSOR_DEFINITIONS = (
					"$(inherited)",
					"DEBUG=1",
				);
				GCC_WARN_64_TO_32_BIT_CONVERSION = YES;
				GCC_WARN_ABOUT_RETURN_TYPE = YES_ERROR;
				GCC_WARN_UNDECLARED_SELECTOR = YES;
				GCC_WARN_UNINITIALIZED_AUTOS = YES_AGGRESSIVE;
				GCC_WARN_UNUSED_FUNCTION = YES;
				GCC_WARN_UNUSED_VARIABLE = YES;
				IPHONEOS_DEPLOYMENT_TARGET = 17.0;
				MTL_ENABLE_DEBUG_INFO = INCLUDE_SOURCE;
				MTL_FAST_MATH = YES;
				ONLY_ACTIVE_ARCH = YES;
				PRODUCT_NAME = "$(TARGET_NAME)";
				SDKROOT = iphoneos;
				SUPPORTED_PLATFORMS = "iphoneos iphonesimulator";
				SWIFT_ACTIVE_COMPILATION_CONDITIONS = DEBUG;
				SWIFT_OPTIMIZATION_LEVEL = "-Onone";
				SWIFT_VERSION = 5.9;
			};
			name = Debug;
		};
		FF000011000000000000001A /* Release */ = {
			isa = XCBuildConfiguration;
			buildSettings = {
				ALWAYS_SEARCH_USER_PATHS = NO;
				CLANG_ANALYZER_NONNULL = YES;
				CLANG_ANALYZER_NUMBER_OBJECT_CONVERSION = YES_AGGRESSIVE;
				CLANG_CXX_LANGUAGE_STANDARD = "gnu++14";
				CLANG_CXX_LIBRARY = "libc++";
				CLANG_ENABLE_MODULES = YES;
				CLANG_ENABLE_OBJC_ARC = YES;
				CLANG_ENABLE_OBJC_WEAK = YES;
				CLANG_WARN_BLOCK_CAPTURE_AUTORELEASING = YES;
				CLANG_WARN_BOOL_CONVERSION = YES;
				CLANG_WARN_COMMA = YES;
				CLANG_WARN_CONSTANT_CONVERSION = YES;
				CLANG_WARN_DEPRECATED_OBJC_IMPLEMENTATIONS = YES;
				CLANG_WARN_DIRECT_OBJC_ISA_USAGE = YES_ERROR;
				CLANG_WARN_DOCUMENTATION_COMMENTS = YES;
				CLANG_WARN_EMPTY_BODY = YES;
				CLANG_WARN_ENUM_CONVERSION = YES;
				CLANG_WARN_INFINITE_RECURSION = YES;
				CLANG_WARN_INT_CONVERSION = YES;
				CLANG_WARN_NON_LITERAL_NULL_CONVERSION = YES;
				CLANG_WARN_OBJC_IMPLICIT_RETAIN_SELF = YES;
				CLANG_WARN_OBJC_LITERAL_CONVERSION = YES;
				CLANG_WARN_OBJC_ROOT_CLASS = YES_ERROR;
				CLANG_WARN_QUOTED_INCLUDE_IN_FRAMEWORK_HEADER = YES;
				CLANG_WARN_RANGE_LOOP_ANALYSIS = YES;
				CLANG_WARN_STRICT_PROTOTYPES = YES;
				CLANG_WARN_SUSPICIOUS_MOVE = YES;
				CLANG_WARN_UNGUARDED_AVAILABILITY = YES_AGGRESSIVE;
				CLANG_WARN_UNREACHABLE_CODE = YES;
				CLANG_WARN__DUPLICATE_METHOD_MATCH = YES;
				COPY_PHASE_STRIP = NO;
				DEBUG_INFORMATION_FORMAT = "dwarf-with-dsym";
				DEVELOPMENT_TEAM = "";
				ENABLE_NS_ASSERTIONS = NO;
				ENABLE_STRICT_OBJC_MSGSEND = YES;
				GCC_C_LANGUAGE_STANDARD = gnu11;
				GCC_NO_COMMON_BLOCKS = YES;
				GCC_WARN_64_TO_32_BIT_CONVERSION = YES;
				GCC_WARN_ABOUT_RETURN_TYPE = YES_ERROR;
				GCC_WARN_UNDECLARED_SELECTOR = YES;
				GCC_WARN_UNINITIALIZED_AUTOS = YES_AGGRESSIVE;
				GCC_WARN_UNUSED_FUNCTION = YES;
				GCC_WARN_UNUSED_VARIABLE = YES;
				IPHONEOS_DEPLOYMENT_TARGET = 17.0;
				MTL_ENABLE_DEBUG_INFO = NO;
				MTL_FAST_MATH = YES;
				PRODUCT_NAME = "$(TARGET_NAME)";
				SDKROOT = iphoneos;
				SUPPORTED_PLATFORMS = "iphoneos iphonesimulator";
				SWIFT_COMPILATION_MODE = wholemodule;
				SWIFT_OPTIMIZATION_LEVEL = "-O";
				SWIFT_VERSION = 5.9;
			};
			name = Release;
		};
		FF000020000000000000001A /* Debug */ = {
			isa = XCBuildConfiguration;
			buildSettings = {
				CODE_SIGN_IDENTITY = "iPhone Developer";
				CURRENT_PROJECT_VERSION = 1;
				DEFINES_MODULE = YES;
				DEVELOPMENT_TEAM = "";
				GENERATE_INFOPLIST_FILE = YES;
				INFOPLIST_GENERATION_MODE = GeneratedFile;
				INFOPLIST_KEY_UIApplicationSceneManifest_Generation = YES;
				INFOPLIST_KEY_UIApplicationSupportsIndirectInputEvents = YES;
				INFOPLIST_KEY_UILaunchScreen_Generation = YES;
				INFOPLIST_KEY_UISupportedInterfaceOrientations_iPad = "UIInterfaceOrientationPortrait UIInterfaceOrientationPortraitUpsideDown UIInterfaceOrientationLandscapeLeft UIInterfaceOrientationLandscapeRight";
				INFOPLIST_KEY_UISupportedInterfaceOrientations_iPhone = "UIInterfaceOrientationPortrait UIInterfaceOrientationLandscapeLeft UIInterfaceOrientationLandscapeRight";
				IPHONEOS_DEPLOYMENT_TARGET = 17.0;
				LD_RUNPATH_SEARCH_PATHS = (
					"$(inherited)",
					"@executable_path/Frameworks",
				);
				MARKETING_VERSION = 1.0.0;
				PRODUCT_BUNDLE_IDENTIFIER = "com.lobsai.mobile";
				PRODUCT_NAME = "$(TARGET_NAME)";
				SDKROOT = iphoneos;
				SUPPORTED_PLATFORMS = "iphoneos iphonesimulator";
				SWIFT_VERSION = 5.9;
				TARGETED_DEVICE_FAMILY = "1,2";
			};
			name = Debug;
		};
		FF000021000000000000001A /* Release */ = {
			isa = XCBuildConfiguration;
			buildSettings = {
				CODE_SIGN_IDENTITY = "iPhone Developer";
				CURRENT_PROJECT_VERSION = 1;
				DEFINES_MODULE = YES;
				DEVELOPMENT_TEAM = "";
				GENERATE_INFOPLIST_FILE = YES;
				INFOPLIST_GENERATION_MODE = GeneratedFile;
				INFOPLIST_KEY_UIApplicationSceneManifest_Generation = YES;
				INFOPLIST_KEY_UIApplicationSupportsIndirectInputEvents = YES;
				INFOPLIST_KEY_UILaunchScreen_Generation = YES;
				INFOPLIST_KEY_UISupportedInterfaceOrientations_iPad = "UIInterfaceOrientationPortrait UIInterfaceOrientationPortraitUpsideDown UIInterfaceOrientationLandscapeLeft UIInterfaceOrientationLandscapeRight";
				INFOPLIST_KEY_UISupportedInterfaceOrientations_iPhone = "UIInterfaceOrientationPortrait UIInterfaceOrientationLandscapeLeft UIInterfaceOrientationLandscapeRight";
				IPHONEOS_DEPLOYMENT_TARGET = 17.0;
				LD_RUNPATH_SEARCH_PATHS = (
					"$(inherited)",
					"@executable_path/Frameworks",
				);
				MARKETING_VERSION = 1.0.0;
				PRODUCT_BUNDLE_IDENTIFIER = "com.lobsai.mobile";
				PRODUCT_NAME = "$(TARGET_NAME)";
				SDKROOT = iphoneos;
				SUPPORTED_PLATFORMS = "iphoneos iphonesimulator";
				SWIFT_VERSION = 5.9;
				TARGETED_DEVICE_FAMILY = "1,2";
			};
			name = Release;
		};
		FF000030000000000000001A /* Debug */ = {
			isa = XCBuildConfiguration;
			buildSettings = {
				BUNDLE_LOADER = "$(TEST_HOST)";
				CODE_SIGN_IDENTITY = "iPhone Developer";
				CURRENT_PROJECT_VERSION = 1;
				DEVELOPMENT_TEAM = "";
				GENERATE_INFOPLIST_FILE = YES;
				IPHONEOS_DEPLOYMENT_TARGET = 17.0;
				PRODUCT_BUNDLE_IDENTIFIER = "com.lobsai.mobile.tests";
				PRODUCT_NAME = "$(TARGET_NAME)";
				SDKROOT = iphoneos;
				SUPPORTED_PLATFORMS = "iphoneos iphonesimulator";
				SWIFT_VERSION = 5.9;
				TARGETED_DEVICE_FAMILY = "1,2";
				TEST_HOST = "$(BUILT_PRODUCTS_DIR)/LobsMobile.app/LobsMobile";
			};
			name = Debug;
		};
		FF000031000000000000001A /* Release */ = {
			isa = XCBuildConfiguration;
			buildSettings = {
				BUNDLE_LOADER = "$(TEST_HOST)";
				CODE_SIGN_IDENTITY = "iPhone Developer";
				CURRENT_PROJECT_VERSION = 1;
				DEVELOPMENT_TEAM = "";
				GENERATE_INFOPLIST_FILE = YES;
				IPHONEOS_DEPLOYMENT_TARGET = 17.0;
				PRODUCT_BUNDLE_IDENTIFIER = "com.lobsai.mobile.tests";
				PRODUCT_NAME = "$(TARGET_NAME)";
				SDKROOT = iphoneos;
				SUPPORTED_PLATFORMS = "iphoneos iphonesimulator";
				SWIFT_VERSION = 5.9;
				TARGETED_DEVICE_FAMILY = "1,2";
				TEST_HOST = "$(BUILT_PRODUCTS_DIR)/LobsMobile.app/LobsMobile";
			};
			name = Release;
		};
/* End XCBuildConfiguration section */

/* Begin XCConfigurationList section */
		FF000000000000000000001A /* Build configuration list for PBXProject "LobsMobile" */ = {
			isa = XCConfigurationList;
			buildConfigurations = (
				FF000010000000000000001A /* Debug */,
				FF000011000000000000001A /* Release */,
			);
			defaultConfigurationIsVisible = 0;
			defaultConfigurationName = Release;
		};
		FF000001000000000000001A /* Build configuration list for PBXNativeTarget "LobsMobile" */ = {
			isa = XCConfigurationList;
			buildConfigurations = (
				FF000020000000000000001A /* Debug */,
				FF000021000000000000001A /* Release */,
			);
			defaultConfigurationIsVisible = 0;
			defaultConfigurationName = Release;
		};
		FF000002000000000000001A /* Build configuration list for PBXNativeTarget "LobsMobileTests" */ = {
			isa = XCConfigurationList;
			buildConfigurations = (
				FF000030000000000000001A /* Debug */,
				FF000031000000000000001A /* Release */,
			);
			defaultConfigurationIsVisible = 0;
			defaultConfigurationName = Release;
		};
/* End XCConfigurationList section */

	};
	rootObject = AA111111000000000000001A /* Project object */;
}
