// !$*UTF8*$!
{
	archiveVersion = 1;
	classes = {
	};
	objectVersion = 77;
	objects = {

/* Begin PBXBuildFile section */
		03894F8488DE33B5E4F1E6FC /* MemoryView.swift in Sources */ = {isa = PBXBuildFile; fileRef = D45A326F0904E2E385F57EFA /* MemoryView.swift */; };
		1F17484F2DB65A3F2F7B5684 /* DashboardViewModel.swift in Sources */ = {isa = PBXBuildFile; fileRef = EC36A38B9A503DE446CF7932 /* DashboardViewModel.swift */; };
		281BBF2DC44E4D272E003513 /* APIService.swift in Sources */ = {isa = PBXBuildFile; fileRef = 210EDEDC893D1DC85AD73B28 /* APIService.swift */; };
		2AC5E6D80790BB10BB79B997 /* ContentView.swift in Sources */ = {isa = PBXBuildFile; fileRef = F90AE4161D931A2C054474DC /* ContentView.swift */; };
		30E7D50FF74D149CB23496A7 /* DashboardView.swift in Sources */ = {isa = PBXBuildFile; fileRef = 70E81CA5FA563916A70733D6 /* DashboardView.swift */; };
		312F6497863921645CD9627C /* SettingsView.swift in Sources */ = {isa = PBXBuildFile; fileRef = DE04CB207FE1084E701035DA /* SettingsView.swift */; };
		39369ABFAC05744258D33EEF /* LobsMobileApp.swift in Sources */ = {isa = PBXBuildFile; fileRef = 9B04D45378984545F7CC19D4 /* LobsMobileApp.swift */; };
		60C5E82113E645D0B3152772 /* CalendarViewModel.swift in Sources */ = {isa = PBXBuildFile; fileRef = 354D4B9FC627160C2B61A4DC /* CalendarViewModel.swift */; };
		6F9B109A198FF1C846113054 /* APIModels.swift in Sources */ = {isa = PBXBuildFile; fileRef = BDCD4F2EED208C2AAD9F86FE /* APIModels.swift */; };
		8358024BB5BBAC28EF419DAC /* TasksViewModel.swift in Sources */ = {isa = PBXBuildFile; fileRef = 28BCFAF17DEC90EB28EEC307 /* TasksViewModel.swift */; };
		861D5ECC8B8EF47C93DB906B /* ChatViewModel.swift in Sources */ = {isa = PBXBuildFile; fileRef = 375AD7C643B9B867FEA21BDA /* ChatViewModel.swift */; };
		9B9ECEA0D5A3FFBBEC30F157 /* ChatView.swift in Sources */ = {isa = PBXBuildFile; fileRef = E1A147507CACDE4D4B038C59 /* ChatView.swift */; };
		A5AFE7B587E9F435AB12808D /* InboxViewModel.swift in Sources */ = {isa = PBXBuildFile; fileRef = EBE6E9E6202CC6786FD4A3B5 /* InboxViewModel.swift */; };
		B28362218131034DBF60D338 /* ChatService.swift in Sources */ = {isa = PBXBuildFile; fileRef = 861A22DB050E2A8076D627BB /* ChatService.swift */; };
		B7AA4A9F081C5CD552DF4281 /* CalendarView.swift in Sources */ = {isa = PBXBuildFile; fileRef = 729E55862FE4EEE1FA74C1BE /* CalendarView.swift */; };
		CA970E41DDC17771C39D5199 /* MemoryViewModel.swift in Sources */ = {isa = PBXBuildFile; fileRef = F1B14371A8CF34C9BEC31A87 /* MemoryViewModel.swift */; };
		F7E2C40BB0A83A4FA214D224 /* TasksView.swift in Sources */ = {isa = PBXBuildFile; fileRef = ADA4FEB592ED08F50AC2FFF5 /* TasksView.swift */; };
		FF2CA2A2FDD9B07C16864ED0 /* InboxView.swift in Sources */ = {isa = PBXBuildFile; fileRef = 43A6ACFADC8A6E5FF561E6BE /* InboxView.swift */; };
/* End PBXBuildFile section */

/* Begin PBXFileReference section */
		210EDEDC893D1DC85AD73B28 /* APIService.swift */ = {isa = PBXFileReference; lastKnownFileType = sourcecode.swift; path = APIService.swift; sourceTree = "<group>"; };
		28BCFAF17DEC90EB28EEC307 /* TasksViewModel.swift */ = {isa = PBXFileReference; lastKnownFileType = sourcecode.swift; path = TasksViewModel.swift; sourceTree = "<group>"; };
		354D4B9FC627160C2B61A4DC /* CalendarViewModel.swift */ = {isa = PBXFileReference; lastKnownFileType = sourcecode.swift; path = CalendarViewModel.swift; sourceTree = "<group>"; };
		375AD7C643B9B867FEA21BDA /* ChatViewModel.swift */ = {isa = PBXFileReference; lastKnownFileType = sourcecode.swift; path = ChatViewModel.swift; sourceTree = "<group>"; };
		43A6ACFADC8A6E5FF561E6BE /* InboxView.swift */ = {isa = PBXFileReference; lastKnownFileType = sourcecode.swift; path = InboxView.swift; sourceTree = "<group>"; };
		70E81CA5FA563916A70733D6 /* DashboardView.swift */ = {isa = PBXFileReference; lastKnownFileType = sourcecode.swift; path = DashboardView.swift; sourceTree = "<group>"; };
		729E55862FE4EEE1FA74C1BE /* CalendarView.swift */ = {isa = PBXFileReference; lastKnownFileType = sourcecode.swift; path = CalendarView.swift; sourceTree = "<group>"; };
		81838572FEF51AC0BF0EF499 /* LobsMobile.app */ = {isa = PBXFileReference; includeInIndex = 0; lastKnownFileType = wrapper.application; path = LobsMobile.app; sourceTree = BUILT_PRODUCTS_DIR; };
		861A22DB050E2A8076D627BB /* ChatService.swift */ = {isa = PBXFileReference; lastKnownFileType = sourcecode.swift; path = ChatService.swift; sourceTree = "<group>"; };
		9B04D45378984545F7CC19D4 /* LobsMobileApp.swift */ = {isa = PBXFileReference; lastKnownFileType = sourcecode.swift; path = LobsMobileApp.swift; sourceTree = "<group>"; };
		ADA4FEB592ED08F50AC2FFF5 /* TasksView.swift */ = {isa = PBXFileReference; lastKnownFileType = sourcecode.swift; path = TasksView.swift; sourceTree = "<group>"; };
		BDCD4F2EED208C2AAD9F86FE /* APIModels.swift */ = {isa = PBXFileReference; lastKnownFileType = sourcecode.swift; path = APIModels.swift; sourceTree = "<group>"; };
		D45A326F0904E2E385F57EFA /* MemoryView.swift */ = {isa = PBXFileReference; lastKnownFileType = sourcecode.swift; path = MemoryView.swift; sourceTree = "<group>"; };
		DE04CB207FE1084E701035DA /* SettingsView.swift */ = {isa = PBXFileReference; lastKnownFileType = sourcecode.swift; path = SettingsView.swift; sourceTree = "<group>"; };
		E1A147507CACDE4D4B038C59 /* ChatView.swift */ = {isa = PBXFileReference; lastKnownFileType = sourcecode.swift; path = ChatView.swift; sourceTree = "<group>"; };
		EBE6E9E6202CC6786FD4A3B5 /* InboxViewModel.swift */ = {isa = PBXFileReference; lastKnownFileType = sourcecode.swift; path = InboxViewModel.swift; sourceTree = "<group>"; };
		EC36A38B9A503DE446CF7932 /* DashboardViewModel.swift */ = {isa = PBXFileReference; lastKnownFileType = sourcecode.swift; path = DashboardViewModel.swift; sourceTree = "<group>"; };
		F1B14371A8CF34C9BEC31A87 /* MemoryViewModel.swift */ = {isa = PBXFileReference; lastKnownFileType = sourcecode.swift; path = MemoryViewModel.swift; sourceTree = "<group>"; };
		F90AE4161D931A2C054474DC /* ContentView.swift */ = {isa = PBXFileReference; lastKnownFileType = sourcecode.swift; path = ContentView.swift; sourceTree = "<group>"; };
/* End PBXFileReference section */

/* Begin PBXGroup section */
		1517901E754538D9D868A581 /* Products */ = {
			isa = PBXGroup;
			children = (
				81838572FEF51AC0BF0EF499 /* LobsMobile.app */,
			);
			name = Products;
			sourceTree = "<group>";
		};
		3FD02156F601561F34AC591C = {
			isa = PBXGroup;
			children = (
				A391FBF2CEA7A6561465659B /* LobsMobile */,
				1517901E754538D9D868A581 /* Products */,
			);
			sourceTree = "<group>";
		};
		5081DB05321BD5FF30CA9787 /* Services */ = {
			isa = PBXGroup;
			children = (
				861A22DB050E2A8076D627BB /* ChatService.swift */,
			);
			path = Services;
			sourceTree = "<group>";
		};
		7F2595BFEEC9A12C2D1FDFD8 /* API */ = {
			isa = PBXGroup;
			children = (
				BDCD4F2EED208C2AAD9F86FE /* APIModels.swift */,
				210EDEDC893D1DC85AD73B28 /* APIService.swift */,
			);
			path = API;
			sourceTree = "<group>";
		};
		902F0313EC8A4647461D3DA0 /* ViewModels */ = {
			isa = PBXGroup;
			children = (
				354D4B9FC627160C2B61A4DC /* CalendarViewModel.swift */,
				375AD7C643B9B867FEA21BDA /* ChatViewModel.swift */,
				EC36A38B9A503DE446CF7932 /* DashboardViewModel.swift */,
				EBE6E9E6202CC6786FD4A3B5 /* InboxViewModel.swift */,
				F1B14371A8CF34C9BEC31A87 /* MemoryViewModel.swift */,
				28BCFAF17DEC90EB28EEC307 /* TasksViewModel.swift */,
			);
			path = ViewModels;
			sourceTree = "<group>";
		};
		A391FBF2CEA7A6561465659B /* LobsMobile */ = {
			isa = PBXGroup;
			children = (
				F90AE4161D931A2C054474DC /* ContentView.swift */,
				9B04D45378984545F7CC19D4 /* LobsMobileApp.swift */,
				7F2595BFEEC9A12C2D1FDFD8 /* API */,
				5081DB05321BD5FF30CA9787 /* Services */,
				902F0313EC8A4647461D3DA0 /* ViewModels */,
				DE4B084E9358A5725A3252AE /* Views */,
			);
			path = LobsMobile;
			sourceTree = "<group>";
		};
		DE4B084E9358A5725A3252AE /* Views */ = {
			isa = PBXGroup;
			children = (
				729E55862FE4EEE1FA74C1BE /* CalendarView.swift */,
				E1A147507CACDE4D4B038C59 /* ChatView.swift */,
				70E81CA5FA563916A70733D6 /* DashboardView.swift */,
				43A6ACFADC8A6E5FF561E6BE /* InboxView.swift */,
				D45A326F0904E2E385F57EFA /* MemoryView.swift */,
				DE04CB207FE1084E701035DA /* SettingsView.swift */,
				ADA4FEB592ED08F50AC2FFF5 /* TasksView.swift */,
			);
			path = Views;
			sourceTree = "<group>";
		};
/* End PBXGroup section */

/* Begin PBXNativeTarget section */
		2BA91CC25DFCC6601CFF5999 /* LobsMobile */ = {
			isa = PBXNativeTarget;
			buildConfigurationList = 459094E440155B89D40662B2 /* Build configuration list for PBXNativeTarget "LobsMobile" */;
			buildPhases = (
				86656EEFAE7DB0D91A9B6D0E /* Sources */,
			);
			buildRules = (
			);
			dependencies = (
			);
			name = LobsMobile;
			packageProductDependencies = (
			);
			productName = LobsMobile;
			productReference = 81838572FEF51AC0BF0EF499 /* LobsMobile.app */;
			productType = "com.apple.product-type.application";
		};
/* End PBXNativeTarget section */

/* Begin PBXProject section */
		A2D63E0AB851FF8C8B1AFD20 /* Project object */ = {
			isa = PBXProject;
			attributes = {
				BuildIndependentTargetsInParallel = YES;
				LastUpgradeCheck = 1600;
				TargetAttributes = {
					2BA91CC25DFCC6601CFF5999 = {
						DevelopmentTeam = "";
					};
				};
			};
			buildConfigurationList = E25042AB5907FEF5A35B504A /* Build configuration list for PBXProject "LobsMobile" */;
			compatibilityVersion = "Xcode 14.0";
			developmentRegion = en;
			hasScannedForEncodings = 0;
			knownRegions = (
				Base,
				en,
			);
			mainGroup = 3FD02156F601561F34AC591C;
			minimizedProjectReferenceProxies = 1;
			preferredProjectObjectVersion = 77;
			projectDirPath = "";
			projectRoot = "";
			targets = (
				2BA91CC25DFCC6601CFF5999 /* LobsMobile */,
			);
		};
/* End PBXProject section */

/* Begin PBXSourcesBuildPhase section */
		86656EEFAE7DB0D91A9B6D0E /* Sources */ = {
			isa = PBXSourcesBuildPhase;
			buildActionMask = 2147483647;
			files = (
				6F9B109A198FF1C846113054 /* APIModels.swift in Sources */,
				281BBF2DC44E4D272E003513 /* APIService.swift in Sources */,
				B7AA4A9F081C5CD552DF4281 /* CalendarView.swift in Sources */,
				60C5E82113E645D0B3152772 /* CalendarViewModel.swift in Sources */,
				B28362218131034DBF60D338 /* ChatService.swift in Sources */,
				9B9ECEA0D5A3FFBBEC30F157 /* ChatView.swift in Sources */,
				861D5ECC8B8EF47C93DB906B /* ChatViewModel.swift in Sources */,
				2AC5E6D80790BB10BB79B997 /* ContentView.swift in Sources */,
				30E7D50FF74D149CB23496A7 /* DashboardView.swift in Sources */,
				1F17484F2DB65A3F2F7B5684 /* DashboardViewModel.swift in Sources */,
				FF2CA2A2FDD9B07C16864ED0 /* InboxView.swift in Sources */,
				A5AFE7B587E9F435AB12808D /* InboxViewModel.swift in Sources */,
				39369ABFAC05744258D33EEF /* LobsMobileApp.swift in Sources */,
				03894F8488DE33B5E4F1E6FC /* MemoryView.swift in Sources */,
				CA970E41DDC17771C39D5199 /* MemoryViewModel.swift in Sources */,
				312F6497863921645CD9627C /* SettingsView.swift in Sources */,
				F7E2C40BB0A83A4FA214D224 /* TasksView.swift in Sources */,
				8358024BB5BBAC28EF419DAC /* TasksViewModel.swift in Sources */,
			);
			runOnlyForDeploymentPostprocessing = 0;
		};
/* End PBXSourcesBuildPhase section */

/* Begin XCBuildConfiguration section */
		19AD20C4AD8B2510220CD87F /* Debug */ = {
			isa = XCBuildConfiguration;
			buildSettings = {
				ALWAYS_SEARCH_USER_PATHS = NO;
				CLANG_ANALYZER_NONNULL = YES;
				CLANG_ANALYZER_NUMBER_OBJECT_CONVERSION = YES_AGGRESSIVE;
				CLANG_CXX_LANGUAGE_STANDARD = "gnu++14";
				CLANG_CXX_LIBRARY = "libc++";
				CLANG_ENABLE_MODULES = YES;
				CLANG_ENABLE_OBJC_ARC = YES;
				CLANG_ENABLE_OBJC_WEAK = YES;
				CLANG_WARN_BLOCK_CAPTURE_AUTORELEASING = YES;
				CLANG_WARN_BOOL_CONVERSION = YES;
				CLANG_WARN_COMMA = YES;
				CLANG_WARN_CONSTANT_CONVERSION = YES;
				CLANG_WARN_DEPRECATED_OBJC_IMPLEMENTATIONS = YES;
				CLANG_WARN_DIRECT_OBJC_ISA_USAGE = YES_ERROR;
				CLANG_WARN_DOCUMENTATION_COMMENTS = YES;
				CLANG_WARN_EMPTY_BODY = YES;
				CLANG_WARN_ENUM_CONVERSION = YES;
				CLANG_WARN_INFINITE_RECURSION = YES;
				CLANG_WARN_INT_CONVERSION = YES;
				CLANG_WARN_NON_LITERAL_NULL_CONVERSION = YES;
				CLANG_WARN_OBJC_IMPLICIT_RETAIN_SELF = YES;
				CLANG_WARN_OBJC_LITERAL_CONVERSION = YES;
				CLANG_WARN_OBJC_ROOT_CLASS = YES_ERROR;
				CLANG_WARN_QUOTED_INCLUDE_IN_FRAMEWORK_HEADER = YES;
				CLANG_WARN_RANGE_LOOP_ANALYSIS = YES;
				CLANG_WARN_STRICT_PROTOTYPES = YES;
				CLANG_WARN_SUSPICIOUS_MOVE = YES;
				CLANG_WARN_UNGUARDED_AVAILABILITY = YES_AGGRESSIVE;
				CLANG_WARN_UNREACHABLE_CODE = YES;
				CLANG_WARN__DUPLICATE_METHOD_MATCH = YES;
				COPY_PHASE_STRIP = NO;
				DEBUG_INFORMATION_FORMAT = dwarf;
				DEVELOPMENT_TEAM = "";
				ENABLE_STRICT_OBJC_MSGSEND = YES;
				ENABLE_TESTABILITY = YES;
				GCC_C_LANGUAGE_STANDARD = gnu11;
				GCC_DYNAMIC_NO_PIC = NO;
				GCC_NO_COMMON_BLOCKS = YES;
				GCC_OPTIMIZATION_LEVEL = 0;
				GCC_PREPROCESSOR_DEFINITIONS = (
					"$(inherited)",
					"DEBUG=1",
				);
				GCC_WARN_64_TO_32_BIT_CONVERSION = YES;
				GCC_WARN_ABOUT_RETURN_TYPE = YES_ERROR;
				GCC_WARN_UNDECLARED_SELECTOR = YES;
				GCC_WARN_UNINITIALIZED_AUTOS = YES_AGGRESSIVE;
				GCC_WARN_UNUSED_FUNCTION = YES;
				GCC_WARN_UNUSED_VARIABLE = YES;
				IPHONEOS_DEPLOYMENT_TARGET = 17.0;
				MTL_ENABLE_DEBUG_INFO = INCLUDE_SOURCE;
				MTL_FAST_MATH = YES;
				ONLY_ACTIVE_ARCH = YES;
				PRODUCT_NAME = "$(TARGET_NAME)";
				SDKROOT = iphoneos;
				SWIFT_ACTIVE_COMPILATION_CONDITIONS = DEBUG;
				SWIFT_OPTIMIZATION_LEVEL = "-Onone";
				SWIFT_VERSION = 5.9;
			};
			name = Debug;
		};
		2318D59F8B1AF4E6F185C397 /* Debug */ = {
			isa = XCBuildConfiguration;
			buildSettings = {
				ASSETCATALOG_COMPILER_APPICON_NAME = AppIcon;
				CODE_SIGN_IDENTITY = "iPhone Developer";
				CURRENT_PROJECT_VERSION = 1;
				GENERATE_INFOPLIST_FILE = YES;
				INFOPLIST_GENERATION_MODE = GeneratedFile;
				INFOPLIST_KEY_UIApplicationSceneManifest_Generation = YES;
				INFOPLIST_KEY_UIApplicationSupportsIndirectInputEvents = YES;
				INFOPLIST_KEY_UILaunchScreen_Generation = YES;
				INFOPLIST_KEY_UISupportedInterfaceOrientations_iPad = "UIInterfaceOrientationPortrait UIInterfaceOrientationPortraitUpsideDown UIInterfaceOrientationLandscapeLeft UIInterfaceOrientationLandscapeRight";
				INFOPLIST_KEY_UISupportedInterfaceOrientations_iPhone = "UIInterfaceOrientationPortrait UIInterfaceOrientationLandscapeLeft UIInterfaceOrientationLandscapeRight";
				LD_RUNPATH_SEARCH_PATHS = (
					"$(inherited)",
					"@executable_path/Frameworks",
				);
				MARKETING_VERSION = 1.0.0;
				PRODUCT_BUNDLE_IDENTIFIER = com.lobsai.mobile;
				SDKROOT = iphoneos;
				TARGETED_DEVICE_FAMILY = "1,2";
			};
			name = Debug;
		};
		6A5BBEBB6129B447DFBC7D9D /* Release */ = {
			isa = XCBuildConfiguration;
			buildSettings = {
				ASSETCATALOG_COMPILER_APPICON_NAME = AppIcon;
				CODE_SIGN_IDENTITY = "iPhone Developer";
				CURRENT_PROJECT_VERSION = 1;
				GENERATE_INFOPLIST_FILE = YES;
				INFOPLIST_GENERATION_MODE = GeneratedFile;
				INFOPLIST_KEY_UIApplicationSceneManifest_Generation = YES;
				INFOPLIST_KEY_UIApplicationSupportsIndirectInputEvents = YES;
				INFOPLIST_KEY_UILaunchScreen_Generation = YES;
				INFOPLIST_KEY_UISupportedInterfaceOrientations_iPad = "UIInterfaceOrientationPortrait UIInterfaceOrientationPortraitUpsideDown UIInterfaceOrientationLandscapeLeft UIInterfaceOrientationLandscapeRight";
				INFOPLIST_KEY_UISupportedInterfaceOrientations_iPhone = "UIInterfaceOrientationPortrait UIInterfaceOrientationLandscapeLeft UIInterfaceOrientationLandscapeRight";
				LD_RUNPATH_SEARCH_PATHS = (
					"$(inherited)",
					"@executable_path/Frameworks",
				);
				MARKETING_VERSION = 1.0.0;
				PRODUCT_BUNDLE_IDENTIFIER = com.lobsai.mobile;
				SDKROOT = iphoneos;
				TARGETED_DEVICE_FAMILY = "1,2";
			};
			name = Release;
		};
		D42781ABEAE4ED89E5568E9A /* Release */ = {
			isa = XCBuildConfiguration;
			buildSettings = {
				ALWAYS_SEARCH_USER_PATHS = NO;
				CLANG_ANALYZER_NONNULL = YES;
				CLANG_ANALYZER_NUMBER_OBJECT_CONVERSION = YES_AGGRESSIVE;
				CLANG_CXX_LANGUAGE_STANDARD = "gnu++14";
				CLANG_CXX_LIBRARY = "libc++";
				CLANG_ENABLE_MODULES = YES;
				CLANG_ENABLE_OBJC_ARC = YES;
				CLANG_ENABLE_OBJC_WEAK = YES;
				CLANG_WARN_BLOCK_CAPTURE_AUTORELEASING = YES;
				CLANG_WARN_BOOL_CONVERSION = YES;
				CLANG_WARN_COMMA = YES;
				CLANG_WARN_CONSTANT_CONVERSION = YES;
				CLANG_WARN_DEPRECATED_OBJC_IMPLEMENTATIONS = YES;
				CLANG_WARN_DIRECT_OBJC_ISA_USAGE = YES_ERROR;
				CLANG_WARN_DOCUMENTATION_COMMENTS = YES;
				CLANG_WARN_EMPTY_BODY = YES;
				CLANG_WARN_ENUM_CONVERSION = YES;
				CLANG_WARN_INFINITE_RECURSION = YES;
				CLANG_WARN_INT_CONVERSION = YES;
				CLANG_WARN_NON_LITERAL_NULL_CONVERSION = YES;
				CLANG_WARN_OBJC_IMPLICIT_RETAIN_SELF = YES;
				CLANG_WARN_OBJC_LITERAL_CONVERSION = YES;
				CLANG_WARN_OBJC_ROOT_CLASS = YES_ERROR;
				CLANG_WARN_QUOTED_INCLUDE_IN_FRAMEWORK_HEADER = YES;
				CLANG_WARN_RANGE_LOOP_ANALYSIS = YES;
				CLANG_WARN_STRICT_PROTOTYPES = YES;
				CLANG_WARN_SUSPICIOUS_MOVE = YES;
				CLANG_WARN_UNGUARDED_AVAILABILITY = YES_AGGRESSIVE;
				CLANG_WARN_UNREACHABLE_CODE = YES;
				CLANG_WARN__DUPLICATE_METHOD_MATCH = YES;
				COPY_PHASE_STRIP = NO;
				DEBUG_INFORMATION_FORMAT = "dwarf-with-dsym";
				DEVELOPMENT_TEAM = "";
				ENABLE_NS_ASSERTIONS = NO;
				ENABLE_STRICT_OBJC_MSGSEND = YES;
				GCC_C_LANGUAGE_STANDARD = gnu11;
				GCC_NO_COMMON_BLOCKS = YES;
				GCC_WARN_64_TO_32_BIT_CONVERSION = YES;
				GCC_WARN_ABOUT_RETURN_TYPE = YES_ERROR;
				GCC_WARN_UNDECLARED_SELECTOR = YES;
				GCC_WARN_UNINITIALIZED_AUTOS = YES_AGGRESSIVE;
				GCC_WARN_UNUSED_FUNCTION = YES;
				GCC_WARN_UNUSED_VARIABLE = YES;
				IPHONEOS_DEPLOYMENT_TARGET = 17.0;
				MTL_ENABLE_DEBUG_INFO = NO;
				MTL_FAST_MATH = YES;
				PRODUCT_NAME = "$(TARGET_NAME)";
				SDKROOT = iphoneos;
				SWIFT_COMPILATION_MODE = wholemodule;
				SWIFT_OPTIMIZATION_LEVEL = "-O";
				SWIFT_VERSION = 5.9;
			};
			name = Release;
		};
/* End XCBuildConfiguration section */

/* Begin XCConfigurationList section */
		459094E440155B89D40662B2 /* Build configuration list for PBXNativeTarget "LobsMobile" */ = {
			isa = XCConfigurationList;
			buildConfigurations = (
				2318D59F8B1AF4E6F185C397 /* Debug */,
				6A5BBEBB6129B447DFBC7D9D /* Release */,
			);
			defaultConfigurationIsVisible = 0;
			defaultConfigurationName = Debug;
		};
		E25042AB5907FEF5A35B504A /* Build configuration list for PBXProject "LobsMobile" */ = {
			isa = XCConfigurationList;
			buildConfigurations = (
				19AD20C4AD8B2510220CD87F /* Debug */,
				D42781ABEAE4ED89E5568E9A /* Release */,
			);
			defaultConfigurationIsVisible = 0;
			defaultConfigurationName = Debug;
		};
/* End XCConfigurationList section */
	};
	rootObject = A2D63E0AB851FF8C8B1AFD20 /* Project object */;
}
